# This file was autogenerated by Stack.
# You should not edit this file by hand.
# For more information, please see the documentation at:
#   https://docs.haskellstack.org/en/stable/lock_files

packages:
- completed:
    name: base-noprelude
    version: 4.14.1.0
    git: https://github.com/AlistairB/base-noprelude.git
    pantry-tree:
      size: 823
      sha256: 5a4b6fa4cbd56db8c1629e463b6a83e074a27674c6c96e50175c95630d04e516
    commit: 330a3d21d021169d391843cbaf2da6fe7dc9f08e
  original:
    git: https://github.com/AlistairB/base-noprelude.git
    commit: 330a3d21d021169d391843cbaf2da6fe7dc9f08e
- completed:
    subdir: safe-coloured-text
    name: safe-coloured-text
    version: 0.0.0.0
    git: https://github.com/NorfairKing/safe-coloured-text.git
    pantry-tree:
      size: 427
      sha256: 946034326b05c263569703fa14d9ee8250f42b1f2e35b95b85dfa5f04e8c3511
    commit: 2e61b50dfa65bed862aff903f574175cfc747e14
  original:
    subdir: safe-coloured-text
    git: https://github.com/NorfairKing/safe-coloured-text.git
    commit: 2e61b50dfa65bed862aff903f574175cfc747e14
snapshots:
- completed:
    size: 565266
    url: https://raw.githubusercontent.com/commercialhaskell/stackage-snapshots/master/lts/17/5.yaml
    sha256: 78e8ebabf11406261abbc95b44f240acf71802630b368888f6d758de7fc3a2f7
  original: lts-17.5
