# This file was autogenerated by Stack.
# You should not edit this file by hand.
# For more information, please see the documentation at:
#   https://docs.haskellstack.org/en/stable/lock_files

packages:
- completed:
    name: base-noprelude
    version: 4.14.1.0
    git: https://github.com/jhrcek/base-noprelude.git
    pantry-tree:
      size: 823
      sha256: b3226df5b2f565672cd83ed1cf88d98148142fd5759d9a68ceec77d4ead85338
    commit: f382c80eb10521fb6a56d6451b6f983000cb010a
  original:
    git: https://github.com/jhrcek/base-noprelude.git
    commit: f382c80eb10521fb6a56d6451b6f983000cb010a
snapshots:
- completed:
    size: 565266
    url: https://raw.githubusercontent.com/commercialhaskell/stackage-snapshots/master/lts/17/5.yaml
    sha256: 78e8ebabf11406261abbc95b44f240acf71802630b368888f6d758de7fc3a2f7
  original:
    url: https://raw.githubusercontent.com/commercialhaskell/stackage-snapshots/master/lts/17/5.yaml
