# This file was autogenerated by Stack.
# You should not edit this file by hand.
# For more information, please see the documentation at:
#   https://docs.haskellstack.org/en/stable/lock_files

packages:
- completed:
    name: base-noprelude
    version: 4.14.1.0
    git: https://github.com/AlistairB/base-noprelude.git
    pantry-tree:
      size: 823
      sha256: 5a4b6fa4cbd56db8c1629e463b6a83e074a27674c6c96e50175c95630d04e516
    commit: 330a3d21d021169d391843cbaf2da6fe7dc9f08e
  original:
    git: https://github.com/AlistairB/base-noprelude.git
    commit: 330a3d21d021169d391843cbaf2da6fe7dc9f08e
- completed:
    hackage: safe-coloured-text-0.0.0.0@sha256:3e614882573291a911564a0b936b2449c4855c2e315086d1337a6e6c027cf2b0,1021
    pantry-tree:
      size: 376
      sha256: 0bec7a33efcec8989ba23a906ebdbbe85af70a3ee2993be99eb0911deb43ce3b
  original:
    hackage: safe-coloured-text-0.0.0.0@sha256:3e614882573291a911564a0b936b2449c4855c2e315086d1337a6e6c027cf2b0,1021
snapshots:
- completed:
    size: 565266
    url: https://raw.githubusercontent.com/commercialhaskell/stackage-snapshots/master/lts/17/5.yaml
    sha256: 78e8ebabf11406261abbc95b44f240acf71802630b368888f6d758de7fc3a2f7
  original: lts-17.5
